
Microsoft Visual Studio Solution File, Format Version 12.00
# Visual Studio Version 17
VisualStudioVersion = 17.4.33122.133
MinimumVisualStudioVersion = 10.0.40219.1
Project("{FAE04EC0-301F-11D3-BF4B-00C04F79EFBC}") = "COSMOS.Livre", "COSMOS.Livre\COSMOS.Livre.csproj", "{B60B31F9-7252-4EB7-81AD-86539E164E1C}"
EndProject
Global
	GlobalSection(SolutionConfigurationPlatforms) = preSolution
		Debug|Any CPU = Debug|Any CPU
		Release|Any CPU = Release|Any CPU
	EndGlobalSection
	GlobalSection(ProjectConfigurationPlatforms) = postSolution
		{B60B31F9-7252-4EB7-81AD-86539E164E1C}.Debug|Any CPU.ActiveCfg = Debug|Any CPU
		{B60B31F9-7252-4EB7-81AD-86539E164E1C}.Debug|Any CPU.Build.0 = Debug|Any CPU
		{B60B31F9-7252-4EB7-81AD-86539E164E1C}.Release|Any CPU.ActiveCfg = Release|Any CPU
		{B60B31F9-7252-4EB7-81AD-86539E164E1C}.Release|Any CPU.Build.0 = Release|Any CPU
	EndGlobalSection
	GlobalSection(SolutionProperties) = preSolution
		HideSolutionNode = FALSE
	EndGlobalSection
	GlobalSection(ExtensibilityGlobals) = postSolution
		SolutionGuid = {1011F0DC-991F-4805-9B75-A78722ABB6E2}
	EndGlobalSection
EndGlobal
